github.com/AspieSoft/go-regex-re2 v1.0.1 h1:SSL+fs05aXO6W309aS8fMi2xRMBXcOi+3+gQFqeiaYo=
github.com/AspieSoft/go-regex-re2 v1.0.1/go.mod h1:tb0+vsFFI6wUXJxqg10wy+eWni9x6LWNGyJEwt8HcE0=
github.com/AspieSoft/go-regex-re2/v2 v2.0.8 h1:IuolgUdHVkRJa2VJc3e/WaSda5FCLPExhawCoVliWxk=
github.com/AspieSoft/go-regex-re2/v2 v2.0.8/go.mod h1:FNK4e+eeVgwg0jPjzkkUpBZOunmKvDfD9cMdF0TXzFs=
github.com/AspieSoft/go-syncterval v1.0.5 h1:fzSNZofSX/7iBkLrWizMzGLGcBl3d+76cHyr8M9tjGg=
github.com/AspieSoft/go-syncterval v1.0.5/go.mod h1:r+mTZPOWvfS0Y5YAxKINGNt8eX76i2Lib0VeqAw3SW4=
github.com/AspieSoft/go-ttlcache v1.2.2 h1:U6MMYY5PKANsB4/vhTiQsQ2U/y1P1yqMCxLw+qFNmCo=
github.com/AspieSoft/go-ttlcache v1.2.2/go.mod h1:czwXaDat1SKWGJDXkoMZWZFip97MXxuU0KzqJ9zVLDo=
github.com/AspieSoft/goutil/fs v0.0.0-20230904220620-ad47e6dece1d h1:AJHK/JlRCLs+6MPvvqnSaPs/LO0kIl66L24pTidJGhY=
github.com/AspieSoft/goutil/fs v0.0.0-20230904220620-ad47e6dece1d/go.mod h1:hw5Kjwq3+il/K/p2JOwxYz+gGkHr72pAModsO7LLzO8=
github.com/alphadose/haxmap v1.3.0 h1:C/2LboOnPCZP27GmmSXOcwx360st0P8N0fTJ3voefKc=
github.com/alphadose/haxmap v1.3.0/go.mod h1:rjHw1IAqbxm0S3U5tD16GoKsiAd8FWx5BJ2IYqXwgmM=
github.com/fsnotify/fsnotify v1.6.0 h1:n+5WquG0fcWoWp6xPWfHdbskMCQaFnG6PfBrh1Ky4HY=
github.com/fsnotify/fsnotify v1.6.0/go.mod h1:sl3t1tCWJFWoRz9R8WJCbQihKKwmorjAbSClcnxKAGw=
github.com/pbnjay/memory v0.0.0-20210728143218-7b4eea64cf58 h1:onHthvaw9LFnH4t2DcNVpwGmV9E1BkGknEliJkfwQj0=
github.com/pbnjay/memory v0.0.0-20210728143218-7b4eea64cf58/go.mod h1:DXv8WO4yhMYhSNPKjeNKa5WY9YCIEBRbNzFFPJbWO6Y=
golang.org/x/exp v0.0.0-20230905200255-921286631fa9 h1:GoHiUyI/Tp2nVkLI2mCxVkOjsbSXD66ic0XW0js0R9g=
golang.org/x/exp v0.0.0-20230905200255-921286631fa9/go.mod h1:S2oDrQGGwySpoQPVqRShND87VCbxmc6bL1Yd2oYrm6k=
golang.org/x/sys v0.0.0-20220908164124-27713097b956/go.mod h1:oPkhp1MJrh7nUepCBck5+mAzfO9JrbApNNgaTdGDITg=
golang.org/x/sys v0.12.0 h1:CM0HF96J0hcLAwsHPJZjfdNzs0gftsLfgKt57wWHJ0o=
golang.org/x/sys v0.12.0/go.mod h1:oPkhp1MJrh7nUepCBck5+mAzfO9JrbApNNgaTdGDITg=
